
Microsoft Visual Studio Solution File, Format Version 12.00
# Visual Studio 15
VisualStudioVersion = 15.0.28307.136
MinimumVisualStudioVersion = 10.0.40219.1
Project("{FAE04EC0-301F-11D3-BF4B-00C04F79EFBC}") = "WebApplication1", "WebApplication1\WebApplication1.csproj", "{57601B01-206E-409D-9831-C8628DC32893}"
EndProject
Global
	GlobalSection(SolutionConfigurationPlatforms) = preSolution
		Debug|Any CPU = Debug|Any CPU
		Release|Any CPU = Release|Any CPU
	EndGlobalSection
	GlobalSection(ProjectConfigurationPlatforms) = postSolution
		{57601B01-206E-409D-9831-C8628DC32893}.Debug|Any CPU.ActiveCfg = Debug|Any CPU
		{57601B01-206E-409D-9831-C8628DC32893}.Debug|Any CPU.Build.0 = Debug|Any CPU
		{57601B01-206E-409D-9831-C8628DC32893}.Release|Any CPU.ActiveCfg = Release|Any CPU
		{57601B01-206E-409D-9831-C8628DC32893}.Release|Any CPU.Build.0 = Release|Any CPU
	EndGlobalSection
	GlobalSection(SolutionProperties) = preSolution
		HideSolutionNode = FALSE
	EndGlobalSection
	GlobalSection(ExtensibilityGlobals) = postSolution
		SolutionGuid = {FD3C6AB9-F370-478A-A93F-DF30EFF23F72}
	EndGlobalSection
EndGlobal
